
Microsoft Visual Studio Solution File, Format Version 12.00
# Visual Studio Version 17
VisualStudioVersion = 17.3.32825.248
MinimumVisualStudioVersion = 10.0.40219.1
Project("{FAE04EC0-301F-11D3-BF4B-00C04F79EFBC}") = "matteo.salvi.4h.MappaClasse4H", "matteo.salvi.4h.MappaClasse4H\matteo.salvi.4h.MappaClasse4H.csproj", "{C9A9F940-6029-4BD4-9A87-6B531656EAD3}"
EndProject
Global
	GlobalSection(SolutionConfigurationPlatforms) = preSolution
		Debug|Any CPU = Debug|Any CPU
		Release|Any CPU = Release|Any CPU
	EndGlobalSection
	GlobalSection(ProjectConfigurationPlatforms) = postSolution
		{C9A9F940-6029-4BD4-9A87-6B531656EAD3}.Debug|Any CPU.ActiveCfg = Debug|Any CPU
		{C9A9F940-6029-4BD4-9A87-6B531656EAD3}.Debug|Any CPU.Build.0 = Debug|Any CPU
		{C9A9F940-6029-4BD4-9A87-6B531656EAD3}.Release|Any CPU.ActiveCfg = Release|Any CPU
		{C9A9F940-6029-4BD4-9A87-6B531656EAD3}.Release|Any CPU.Build.0 = Release|Any CPU
	EndGlobalSection
	GlobalSection(SolutionProperties) = preSolution
		HideSolutionNode = FALSE
	EndGlobalSection
	GlobalSection(ExtensibilityGlobals) = postSolution
		SolutionGuid = {FE57DE4C-4DA2-4C0C-AC13-A96DBCA1A9E1}
	EndGlobalSection
EndGlobal
